
Microsoft Visual Studio Solution File, Format Version 12.00
# Visual Studio Version 17
VisualStudioVersion = 17.14.36518.9 d17.14
MinimumVisualStudioVersion = 10.0.40219.1
Project("{FAE04EC0-301F-11D3-BF4B-00C04F79EFBC}") = "TestReadingFromAzure", "TestReadingFromAzure\TestReadingFromAzure.csproj", "{6004B49A-DE5E-4906-9BCE-D80A8961119F}"
EndProject
Global
	GlobalSection(SolutionConfigurationPlatforms) = preSolution
		Debug|Any CPU = Debug|Any CPU
		Release|Any CPU = Release|Any CPU
	EndGlobalSection
	GlobalSection(ProjectConfigurationPlatforms) = postSolution
		{6004B49A-DE5E-4906-9BCE-D80A8961119F}.Debug|Any CPU.ActiveCfg = Debug|Any CPU
		{6004B49A-DE5E-4906-9BCE-D80A8961119F}.Debug|Any CPU.Build.0 = Debug|Any CPU
		{6004B49A-DE5E-4906-9BCE-D80A8961119F}.Release|Any CPU.ActiveCfg = Release|Any CPU
		{6004B49A-DE5E-4906-9BCE-D80A8961119F}.Release|Any CPU.Build.0 = Release|Any CPU
	EndGlobalSection
	GlobalSection(SolutionProperties) = preSolution
		HideSolutionNode = FALSE
	EndGlobalSection
	GlobalSection(ExtensibilityGlobals) = postSolution
		SolutionGuid = {22301598-2685-46DC-A585-706E146628CA}
	EndGlobalSection
EndGlobal
